{
  "name": "benjaminrubin.com",
  "version": "1.0.0",
  "lockfileVersion": 3,
  "requires": true,
  "packages": {
    "": {
      "name": "benjaminrubin.com",
      "version": "1.0.0",
      "license": "ISC",
      "dependencies": {
        "@thewebformula/lithe": "file:../../thewebformula/lithe"
      }
    },
    "../../thewebformula/lithe": {
      "version": "0.6.0",
      "license": "MIT",
      "dependencies": {
        "esbuild": "^0.21.3",
        "linkedom": "^0.18.0"
      },
      "devDependencies": {
        "@thewebformula/lithe": "file:./",
        "@webformula/material": "file:../../webformula/material"
      }
    },
    "node_modules/@thewebformula/lithe": {
      "resolved": "../../thewebformula/lithe",
      "link": true
    }
  }
}
